# Accel-Sim Offline-Sim V1 immutable inputs
framework_base=d930ad6d02c09bb56867132583735aba0389cff4
framework_branch=task/offline-sim/bootstrap-v1
gpgpu_sim_remote=https://github.com/swayhrl/gpgpu-sim.git
gpgpu_sim_branch=project/offline-sim
gpgpu_sim_base=91880c53383d5a6a6742bfb1be2c5f34e39c7871
gpu_app_collection_remote=https://github.com/accel-sim/gpu-app-collection.git
gpu_app_collection_commit=dad09cb0487845edc7524ded814c6cde9f0ef6a1
pybind11_version=2.13.6
pybind11_tarball=cache/sources/pybind11-v2.13.6.tar.gz
pybind11_sha256=e08cb87f4773da97fa7b5f035de8763abc656d87d5773e62f6da0587d1f0ec20
offline_network_policy=DENY_IMPLICIT_NETWORK
