# C16-G logical dependency lock. Wheel filenames and SHA256 close at C16-1.2.
# Bootstrap is offline-only and rejects a wheelhouse without WHEELHOUSE_MANIFEST.tsv.
torch==2.5.1+cu124
transformers==4.46.3
accelerate==1.1.1
safetensors==0.4.5
huggingface-hub==0.26.2
nvidia-ml-py==12.560.30
autoawq==0.2.8
